
Microsoft Visual Studio Solution File, Format Version 12.00
# Visual Studio Version 17
VisualStudioVersion = 17.14.36623.8 d17.14
MinimumVisualStudioVersion = 10.0.40219.1
Project("{FAE04EC0-301F-11D3-BF4B-00C04F79EFBC}") = "MenuProject.API", "MenuProject.API\MenuProject.API.csproj", "{746941D1-7CAA-4EED-90D8-9459CE8B5AFB}"
EndProject
Project("{FAE04EC0-301F-11D3-BF4B-00C04F79EFBC}") = "MenuProject.Admin", "MenuProject.Admin\MenuProject.Admin.csproj", "{2F5CFFC1-B53C-4D90-ADAF-8BA8072E908C}"
EndProject
Global
	GlobalSection(SolutionConfigurationPlatforms) = preSolution
		Debug|Any CPU = Debug|Any CPU
		Release|Any CPU = Release|Any CPU
	EndGlobalSection
	GlobalSection(ProjectConfigurationPlatforms) = postSolution
		{746941D1-7CAA-4EED-90D8-9459CE8B5AFB}.Debug|Any CPU.ActiveCfg = Debug|Any CPU
		{746941D1-7CAA-4EED-90D8-9459CE8B5AFB}.Debug|Any CPU.Build.0 = Debug|Any CPU
		{746941D1-7CAA-4EED-90D8-9459CE8B5AFB}.Release|Any CPU.ActiveCfg = Release|Any CPU
		{746941D1-7CAA-4EED-90D8-9459CE8B5AFB}.Release|Any CPU.Build.0 = Release|Any CPU
		{2F5CFFC1-B53C-4D90-ADAF-8BA8072E908C}.Debug|Any CPU.ActiveCfg = Debug|Any CPU
		{2F5CFFC1-B53C-4D90-ADAF-8BA8072E908C}.Debug|Any CPU.Build.0 = Debug|Any CPU
		{2F5CFFC1-B53C-4D90-ADAF-8BA8072E908C}.Release|Any CPU.ActiveCfg = Release|Any CPU
		{2F5CFFC1-B53C-4D90-ADAF-8BA8072E908C}.Release|Any CPU.Build.0 = Release|Any CPU
	EndGlobalSection
	GlobalSection(SolutionProperties) = preSolution
		HideSolutionNode = FALSE
	EndGlobalSection
	GlobalSection(ExtensibilityGlobals) = postSolution
		SolutionGuid = {8133C56A-C9E7-4A07-864E-67D9CE92BC52}
	EndGlobalSection
EndGlobal
